// !$*UTF8*$!
{
	archiveVersion = 1;
	classes = {
	};
	objectVersion = 56;
	objects = {

/* Begin PBXBuildFile section */
		D0AA60122ADD803D0012BCB4 /* AppDelegate.swift in Sources */ = {isa = PBXBuildFile; fileRef = D0AA60112ADD803D0012BCB4 /* AppDelegate.swift */; };
		D0AA60142ADD803D0012BCB4 /* SceneDelegate.swift in Sources */ = {isa = PBXBuildFile; fileRef = D0AA60132ADD803D0012BCB4 /* SceneDelegate.swift */; };
		D0AA60162ADD803D0012BCB4 /* ViewController.swift in Sources */ = {isa = PBXBuildFile; fileRef = D0AA60152ADD803D0012BCB4 /* ViewController.swift */; };
		D0AA60192ADD803D0012BCB4 /* Main.storyboard in Resources */ = {isa = PBXBuildFile; fileRef = D0AA60172ADD803D0012BCB4 /* Main.storyboard */; };
		D0AA601B2ADD803F0012BCB4 /* Assets.xcassets in Resources */ = {isa = PBXBuildFile; fileRef = D0AA601A2ADD803F0012BCB4 /* Assets.xcassets */; };
		D0AA601E2ADD803F0012BCB4 /* LaunchScreen.storyboard in Resources */ = {isa = PBXBuildFile; fileRef = D0AA601C2ADD803F0012BCB4 /* LaunchScreen.storyboard */; };
		D0AA60262ADDD6DD0012BCB4 /* QuestoesViewController.swift in Sources */ = {isa = PBXBuildFile; fileRef = D0AA60252ADDD6DD0012BCB4 /* QuestoesViewController.swift */; };
		D0AA60282ADDE4B40012BCB4 /* Questoes.swift in Sources */ = {isa = PBXBuildFile; fileRef = D0AA60272ADDE4B40012BCB4 /* Questoes.swift */; };
		D0AA602A2ADDEFF20012BCB4 /* DesempenhoViewController.swift in Sources */ = {isa = PBXBuildFile; fileRef = D0AA60292ADDEFF20012BCB4 /* DesempenhoViewController.swift */; };
/* End PBXBuildFile section */

/* Begin PBXFileReference section */
		D0AA600E2ADD803D0012BCB4 /* iQuizHP.app */ = {isa = PBXFileReference; explicitFileType = wrapper.application; includeInIndex = 0; path = iQuizHP.app; sourceTree = BUILT_PRODUCTS_DIR; };
		D0AA60112ADD803D0012BCB4 /* AppDelegate.swift */ = {isa = PBXFileReference; lastKnownFileType = sourcecode.swift; path = AppDelegate.swift; sourceTree = "<group>"; };
		D0AA60132ADD803D0012BCB4 /* SceneDelegate.swift */ = {isa = PBXFileReference; lastKnownFileType = sourcecode.swift; path = SceneDelegate.swift; sourceTree = "<group>"; };
		D0AA60152ADD803D0012BCB4 /* ViewController.swift */ = {isa = PBXFileReference; lastKnownFileType = sourcecode.swift; path = ViewController.swift; sourceTree = "<group>"; };
		D0AA60182ADD803D0012BCB4 /* Base */ = {isa = PBXFileReference; lastKnownFileType = file.storyboard; name = Base; path = Base.lproj/Main.storyboard; sourceTree = "<group>"; };
		D0AA601A2ADD803F0012BCB4 /* Assets.xcassets */ = {isa = PBXFileReference; lastKnownFileType = folder.assetcatalog; path = Assets.xcassets; sourceTree = "<group>"; };
		D0AA601D2ADD803F0012BCB4 /* Base */ = {isa = PBXFileReference; lastKnownFileType = file.storyboard; name = Base; path = Base.lproj/LaunchScreen.storyboard; sourceTree = "<group>"; };
		D0AA601F2ADD803F0012BCB4 /* Info.plist */ = {isa = PBXFileReference; lastKnownFileType = text.plist.xml; path = Info.plist; sourceTree = "<group>"; };
		D0AA60252ADDD6DD0012BCB4 /* QuestoesViewController.swift */ = {isa = PBXFileReference; lastKnownFileType = sourcecode.swift; path = QuestoesViewController.swift; sourceTree = "<group>"; };
		D0AA60272ADDE4B40012BCB4 /* Questoes.swift */ = {isa = PBXFileReference; lastKnownFileType = sourcecode.swift; path = Questoes.swift; sourceTree = "<group>"; };
		D0AA60292ADDEFF20012BCB4 /* DesempenhoViewController.swift */ = {isa = PBXFileReference; lastKnownFileType = sourcecode.swift; path = DesempenhoViewController.swift; sourceTree = "<group>"; };
/* End PBXFileReference section */

/* Begin PBXFrameworksBuildPhase section */
		D0AA600B2ADD803D0012BCB4 /* Frameworks */ = {
			isa = PBXFrameworksBuildPhase;
			buildActionMask = 2147483647;
			files = (
			);
			runOnlyForDeploymentPostprocessing = 0;
		};
/* End PBXFrameworksBuildPhase section */

/* Begin PBXGroup section */
		D0AA60052ADD803D0012BCB4 = {
			isa = PBXGroup;
			children = (
				D0AA60102ADD803D0012BCB4 /* iQuizHP */,
				D0AA600F2ADD803D0012BCB4 /* Products */,
			);
			sourceTree = "<group>";
		};
		D0AA600F2ADD803D0012BCB4 /* Products */ = {
			isa = PBXGroup;
			children = (
				D0AA600E2ADD803D0012BCB4 /* iQuizHP.app */,
			);
			name = Products;
			sourceTree = "<group>";
		};
		D0AA60102ADD803D0012BCB4 /* iQuizHP */ = {
			isa = PBXGroup;
			children = (
				D0AA602C2ADEC6850012BCB4 /* Modelo */,
				D0AA602B2ADEC64C0012BCB4 /* ViewController */,
				D0AA60112ADD803D0012BCB4 /* AppDelegate.swift */,
				D0AA60132ADD803D0012BCB4 /* SceneDelegate.swift */,
				D0AA60172ADD803D0012BCB4 /* Main.storyboard */,
				D0AA601A2ADD803F0012BCB4 /* Assets.xcassets */,
				D0AA601C2ADD803F0012BCB4 /* LaunchScreen.storyboard */,
				D0AA601F2ADD803F0012BCB4 /* Info.plist */,
			);
			path = iQuizHP;
			sourceTree = "<group>";
		};
		D0AA602B2ADEC64C0012BCB4 /* ViewController */ = {
			isa = PBXGroup;
			children = (
				D0AA60152ADD803D0012BCB4 /* ViewController.swift */,
				D0AA60252ADDD6DD0012BCB4 /* QuestoesViewController.swift */,
				D0AA60292ADDEFF20012BCB4 /* DesempenhoViewController.swift */,
			);
			path = ViewController;
			sourceTree = "<group>";
		};
		D0AA602C2ADEC6850012BCB4 /* Modelo */ = {
			isa = PBXGroup;
			children = (
				D0AA60272ADDE4B40012BCB4 /* Questoes.swift */,
			);
			path = Modelo;
			sourceTree = "<group>";
		};
/* End PBXGroup section */

/* Begin PBXNativeTarget section */
		D0AA600D2ADD803D0012BCB4 /* iQuizHP */ = {
			isa = PBXNativeTarget;
			buildConfigurationList = D0AA60222ADD803F0012BCB4 /* Build configuration list for PBXNativeTarget "iQuizHP" */;
			buildPhases = (
				D0AA600A2ADD803D0012BCB4 /* Sources */,
				D0AA600B2ADD803D0012BCB4 /* Frameworks */,
				D0AA600C2ADD803D0012BCB4 /* Resources */,
			);
			buildRules = (
			);
			dependencies = (
			);
			name = iQuizHP;
			productName = iQuizHP;
			productReference = D0AA600E2ADD803D0012BCB4 /* iQuizHP.app */;
			productType = "com.apple.product-type.application";
		};
/* End PBXNativeTarget section */

/* Begin PBXProject section */
		D0AA60062ADD803D0012BCB4 /* Project object */ = {
			isa = PBXProject;
			attributes = {
				BuildIndependentTargetsInParallel = 1;
				LastSwiftUpdateCheck = 1500;
				LastUpgradeCheck = 1500;
				TargetAttributes = {
					D0AA600D2ADD803D0012BCB4 = {
						CreatedOnToolsVersion = 15.0;
					};
				};
			};
			buildConfigurationList = D0AA60092ADD803D0012BCB4 /* Build configuration list for PBXProject "iQuizHP" */;
			compatibilityVersion = "Xcode 14.0";
			developmentRegion = en;
			hasScannedForEncodings = 0;
			knownRegions = (
				en,
				Base,
			);
			mainGroup = D0AA60052ADD803D0012BCB4;
			productRefGroup = D0AA600F2ADD803D0012BCB4 /* Products */;
			projectDirPath = "";
			projectRoot = "";
			targets = (
				D0AA600D2ADD803D0012BCB4 /* iQuizHP */,
			);
		};
/* End PBXProject section */

/* Begin PBXResourcesBuildPhase section */
		D0AA600C2ADD803D0012BCB4 /* Resources */ = {
			isa = PBXResourcesBuildPhase;
			buildActionMask = 2147483647;
			files = (
				D0AA601E2ADD803F0012BCB4 /* LaunchScreen.storyboard in Resources */,
				D0AA601B2ADD803F0012BCB4 /* Assets.xcassets in Resources */,
				D0AA60192ADD803D0012BCB4 /* Main.storyboard in Resources */,
			);
			runOnlyForDeploymentPostprocessing = 0;
		};
/* End PBXResourcesBuildPhase section */

/* Begin PBXSourcesBuildPhase section */
		D0AA600A2ADD803D0012BCB4 /* Sources */ = {
			isa = PBXSourcesBuildPhase;
			buildActionMask = 2147483647;
			files = (
				D0AA60282ADDE4B40012BCB4 /* Questoes.swift in Sources */,
				D0AA60162ADD803D0012BCB4 /* ViewController.swift in Sources */,
				D0AA60122ADD803D0012BCB4 /* AppDelegate.swift in Sources */,
				D0AA60262ADDD6DD0012BCB4 /* QuestoesViewController.swift in Sources */,
				D0AA602A2ADDEFF20012BCB4 /* DesempenhoViewController.swift in Sources */,
				D0AA60142ADD803D0012BCB4 /* SceneDelegate.swift in Sources */,
			);
			runOnlyForDeploymentPostprocessing = 0;
		};
/* End PBXSourcesBuildPhase section */

/* Begin PBXVariantGroup section */
		D0AA60172ADD803D0012BCB4 /* Main.storyboard */ = {
			isa = PBXVariantGroup;
			children = (
				D0AA60182ADD803D0012BCB4 /* Base */,
			);
			name = Main.storyboard;
			sourceTree = "<group>";
		};
		D0AA601C2ADD803F0012BCB4 /* LaunchScreen.storyboard */ = {
			isa = PBXVariantGroup;
			children = (
				D0AA601D2ADD803F0012BCB4 /* Base */,
			);
			name = LaunchScreen.storyboard;
			sourceTree = "<group>";
		};
/* End PBXVariantGroup section */

/* Begin XCBuildConfiguration section */
		D0AA60202ADD803F0012BCB4 /* Debug */ = {
			isa = XCBuildConfiguration;
			buildSettings = {
				ALWAYS_SEARCH_USER_PATHS = NO;
				ASSETCATALOG_COMPILER_GENERATE_SWIFT_ASSET_SYMBOL_EXTENSIONS = YES;
				CLANG_ANALYZER_NONNULL = YES;
				CLANG_ANALYZER_NUMBER_OBJECT_CONVERSION = YES_AGGRESSIVE;
				CLANG_CXX_LANGUAGE_STANDARD = "gnu++20";
				CLANG_ENABLE_MODULES = YES;
				CLANG_ENABLE_OBJC_ARC = YES;
				CLANG_ENABLE_OBJC_WEAK = YES;
				CLANG_WARN_BLOCK_CAPTURE_AUTORELEASING = YES;
				CLANG_WARN_BOOL_CONVERSION = YES;
				CLANG_WARN_COMMA = YES;
				CLANG_WARN_CONSTANT_CONVERSION = YES;
				CLANG_WARN_DEPRECATED_OBJC_IMPLEMENTATIONS = YES;
				CLANG_WARN_DIRECT_OBJC_ISA_USAGE = YES_ERROR;
				CLANG_WARN_DOCUMENTATION_COMMENTS = YES;
				CLANG_WARN_EMPTY_BODY = YES;
				CLANG_WARN_ENUM_CONVERSION = YES;
				CLANG_WARN_INFINITE_RECURSION = YES;
				CLANG_WARN_INT_CONVERSION = YES;
				CLANG_WARN_NON_LITERAL_NULL_CONVERSION = YES;
				CLANG_WARN_OBJC_IMPLICIT_RETAIN_SELF = YES;
				CLANG_WARN_OBJC_LITERAL_CONVERSION = YES;
				CLANG_WARN_OBJC_ROOT_CLASS = YES_ERROR;
				CLANG_WARN_QUOTED_INCLUDE_IN_FRAMEWORK_HEADER = YES;
				CLANG_WARN_RANGE_LOOP_ANALYSIS = YES;
				CLANG_WARN_STRICT_PROTOTYPES = YES;
				CLANG_WARN_SUSPICIOUS_MOVE = YES;
				CLANG_WARN_UNGUARDED_AVAILABILITY = YES_AGGRESSIVE;
				CLANG_WARN_UNREACHABLE_CODE = YES;
				CLANG_WARN__DUPLICATE_METHOD_MATCH = YES;
				COPY_PHASE_STRIP = NO;
				DEBUG_INFORMATION_FORMAT = dwarf;
				ENABLE_STRICT_OBJC_MSGSEND = YES;
				ENABLE_TESTABILITY = YES;
				ENABLE_USER_SCRIPT_SANDBOXING = YES;
				GCC_C_LANGUAGE_STANDARD = gnu17;
				GCC_DYNAMIC_NO_PIC = NO;
				GCC_NO_COMMON_BLOCKS = YES;
				GCC_OPTIMIZATION_LEVEL = 0;
				GCC_PREPROCESSOR_DEFINITIONS = (
					"DEBUG=1",
					"$(inherited)",
				);
				GCC_WARN_64_TO_32_BIT_CONVERSION = YES;
				GCC_WARN_ABOUT_RETURN_TYPE = YES_ERROR;
				GCC_WARN_UNDECLARED_SELECTOR = YES;
				GCC_WARN_UNINITIALIZED_AUTOS = YES_AGGRESSIVE;
				GCC_WARN_UNUSED_FUNCTION = YES;
				GCC_WARN_UNUSED_VARIABLE = YES;
				IPHONEOS_DEPLOYMENT_TARGET = 17.0;
				LOCALIZATION_PREFERS_STRING_CATALOGS = YES;
				MTL_ENABLE_DEBUG_INFO = INCLUDE_SOURCE;
				MTL_FAST_MATH = YES;
				ONLY_ACTIVE_ARCH = YES;
				SDKROOT = iphoneos;
				SWIFT_ACTIVE_COMPILATION_CONDITIONS = "DEBUG $(inherited)";
				SWIFT_OPTIMIZATION_LEVEL = "-Onone";
			};
			name = Debug;
		};
		D0AA60212ADD803F0012BCB4 /* Release */ = {
			isa = XCBuildConfiguration;
			buildSettings = {
				ALWAYS_SEARCH_USER_PATHS = NO;
				ASSETCATALOG_COMPILER_GENERATE_SWIFT_ASSET_SYMBOL_EXTENSIONS = YES;
				CLANG_ANALYZER_NONNULL = YES;
				CLANG_ANALYZER_NUMBER_OBJECT_CONVERSION = YES_AGGRESSIVE;
				CLANG_CXX_LANGUAGE_STANDARD = "gnu++20";
				CLANG_ENABLE_MODULES = YES;
				CLANG_ENABLE_OBJC_ARC = YES;
				CLANG_ENABLE_OBJC_WEAK = YES;
				CLANG_WARN_BLOCK_CAPTURE_AUTORELEASING = YES;
				CLANG_WARN_BOOL_CONVERSION = YES;
				CLANG_WARN_COMMA = YES;
				CLANG_WARN_CONSTANT_CONVERSION = YES;
				CLANG_WARN_DEPRECATED_OBJC_IMPLEMENTATIONS = YES;
				CLANG_WARN_DIRECT_OBJC_ISA_USAGE = YES_ERROR;
				CLANG_WARN_DOCUMENTATION_COMMENTS = YES;
				CLANG_WARN_EMPTY_BODY = YES;
				CLANG_WARN_ENUM_CONVERSION = YES;
				CLANG_WARN_INFINITE_RECURSION = YES;
				CLANG_WARN_INT_CONVERSION = YES;
				CLANG_WARN_NON_LITERAL_NULL_CONVERSION = YES;
				CLANG_WARN_OBJC_IMPLICIT_RETAIN_SELF = YES;
				CLANG_WARN_OBJC_LITERAL_CONVERSION = YES;
				CLANG_WARN_OBJC_ROOT_CLASS = YES_ERROR;
				CLANG_WARN_QUOTED_INCLUDE_IN_FRAMEWORK_HEADER = YES;
				CLANG_WARN_RANGE_LOOP_ANALYSIS = YES;
				CLANG_WARN_STRICT_PROTOTYPES = YES;
				CLANG_WARN_SUSPICIOUS_MOVE = YES;
				CLANG_WARN_UNGUARDED_AVAILABILITY = YES_AGGRESSIVE;
				CLANG_WARN_UNREACHABLE_CODE = YES;
				CLANG_WARN__DUPLICATE_METHOD_MATCH = YES;
				COPY_PHASE_STRIP = NO;
				DEBUG_INFORMATION_FORMAT = "dwarf-with-dsym";
				ENABLE_NS_ASSERTIONS = NO;
				ENABLE_STRICT_OBJC_MSGSEND = YES;
				ENABLE_USER_SCRIPT_SANDBOXING = YES;
				GCC_C_LANGUAGE_STANDARD = gnu17;
				GCC_NO_COMMON_BLOCKS = YES;
				GCC_WARN_64_TO_32_BIT_CONVERSION = YES;
				GCC_WARN_ABOUT_RETURN_TYPE = YES_ERROR;
				GCC_WARN_UNDECLARED_SELECTOR = YES;
				GCC_WARN_UNINITIALIZED_AUTOS = YES_AGGRESSIVE;
				GCC_WARN_UNUSED_FUNCTION = YES;
				GCC_WARN_UNUSED_VARIABLE = YES;
				IPHONEOS_DEPLOYMENT_TARGET = 17.0;
				LOCALIZATION_PREFERS_STRING_CATALOGS = YES;
				MTL_ENABLE_DEBUG_INFO = NO;
				MTL_FAST_MATH = YES;
				SDKROOT = iphoneos;
				SWIFT_COMPILATION_MODE = wholemodule;
				VALIDATE_PRODUCT = YES;
			};
			name = Release;
		};
		D0AA60232ADD803F0012BCB4 /* Debug */ = {
			isa = XCBuildConfiguration;
			buildSettings = {
				ASSETCATALOG_COMPILER_APPICON_NAME = AppIcon;
				ASSETCATALOG_COMPILER_GLOBAL_ACCENT_COLOR_NAME = AccentColor;
				CODE_SIGN_STYLE = Automatic;
				CURRENT_PROJECT_VERSION = 1;
				GENERATE_INFOPLIST_FILE = YES;
				INFOPLIST_FILE = iQuizHP/Info.plist;
				INFOPLIST_KEY_UIApplicationSupportsIndirectInputEvents = YES;
				INFOPLIST_KEY_UILaunchStoryboardName = LaunchScreen;
				INFOPLIST_KEY_UIMainStoryboardFile = Main;
				INFOPLIST_KEY_UISupportedInterfaceOrientations_iPad = "UIInterfaceOrientationPortrait UIInterfaceOrientationPortraitUpsideDown UIInterfaceOrientationLandscapeLeft UIInterfaceOrientationLandscapeRight";
				INFOPLIST_KEY_UISupportedInterfaceOrientations_iPhone = "UIInterfaceOrientationPortrait UIInterfaceOrientationLandscapeLeft UIInterfaceOrientationLandscapeRight";
				LD_RUNPATH_SEARCH_PATHS = (
					"$(inherited)",
					"@executable_path/Frameworks",
				);
				MARKETING_VERSION = 1.0;
				PRODUCT_BUNDLE_IDENTIFIER = com.stephanien.iQuizHP;
				PRODUCT_NAME = "$(TARGET_NAME)";
				SWIFT_EMIT_LOC_STRINGS = YES;
				SWIFT_VERSION = 5.0;
				TARGETED_DEVICE_FAMILY = "1,2";
			};
			name = Debug;
		};
		D0AA60242ADD803F0012BCB4 /* Release */ = {
			isa = XCBuildConfiguration;
			buildSettings = {
				ASSETCATALOG_COMPILER_APPICON_NAME = AppIcon;
				ASSETCATALOG_COMPILER_GLOBAL_ACCENT_COLOR_NAME = AccentColor;
				CODE_SIGN_STYLE = Automatic;
				CURRENT_PROJECT_VERSION = 1;
				GENERATE_INFOPLIST_FILE = YES;
				INFOPLIST_FILE = iQuizHP/Info.plist;
				INFOPLIST_KEY_UIApplicationSupportsIndirectInputEvents = YES;
				INFOPLIST_KEY_UILaunchStoryboardName = LaunchScreen;
				INFOPLIST_KEY_UIMainStoryboardFile = Main;
				INFOPLIST_KEY_UISupportedInterfaceOrientations_iPad = "UIInterfaceOrientationPortrait UIInterfaceOrientationPortraitUpsideDown UIInterfaceOrientationLandscapeLeft UIInterfaceOrientationLandscapeRight";
				INFOPLIST_KEY_UISupportedInterfaceOrientations_iPhone = "UIInterfaceOrientationPortrait UIInterfaceOrientationLandscapeLeft UIInterfaceOrientationLandscapeRight";
				LD_RUNPATH_SEARCH_PATHS = (
					"$(inherited)",
					"@executable_path/Frameworks",
				);
				MARKETING_VERSION = 1.0;
				PRODUCT_BUNDLE_IDENTIFIER = com.stephanien.iQuizHP;
				PRODUCT_NAME = "$(TARGET_NAME)";
				SWIFT_EMIT_LOC_STRINGS = YES;
				SWIFT_VERSION = 5.0;
				TARGETED_DEVICE_FAMILY = "1,2";
			};
			name = Release;
		};
/* End XCBuildConfiguration section */

/* Begin XCConfigurationList section */
		D0AA60092ADD803D0012BCB4 /* Build configuration list for PBXProject "iQuizHP" */ = {
			isa = XCConfigurationList;
			buildConfigurations = (
				D0AA60202ADD803F0012BCB4 /* Debug */,
				D0AA60212ADD803F0012BCB4 /* Release */,
			);
			defaultConfigurationIsVisible = 0;
			defaultConfigurationName = Release;
		};
		D0AA60222ADD803F0012BCB4 /* Build configuration list for PBXNativeTarget "iQuizHP" */ = {
			isa = XCConfigurationList;
			buildConfigurations = (
				D0AA60232ADD803F0012BCB4 /* Debug */,
				D0AA60242ADD803F0012BCB4 /* Release */,
			);
			defaultConfigurationIsVisible = 0;
			defaultConfigurationName = Release;
		};
/* End XCConfigurationList section */
	};
	rootObject = D0AA60062ADD803D0012BCB4 /* Project object */;
}
